# This file is automatically @generated by Cargo.
# It is not intended for manual editing.
version = 3

[[package]]
name = "lmt"
version = "2.0.0"
dependencies = [
 "seahorse",
]

[[package]]
name = "seahorse"
version = "1.2.0"
source = "registry+https://github.com/rust-lang/crates.io-index"
checksum = "24202031a8f797ea7cd018e07fe6fc8b9bb591fb5428ee4cf6c6484ec5ac43d6"
